<?xml version="1.0" encoding="utf-8"?>
<Project ToolsVersion="4.0" xmlns="http://schemas.microsoft.com/developer/msbuild/2003">
  <ItemGroup>
    <Filter Include="Исходные файлы">
      <UniqueIdentifier>{4FC737F1-C7A5-4376-A066-2A32D752A2FF}</UniqueIdentifier>
      <Extensions>cpp;c;cc;cxx;c++;cppm;ixx;def;odl;idl;hpj;bat;asm;asmx</Extensions>
    </Filter>
    <Filter Include="Файлы заголовков">
      <UniqueIdentifier>{93995380-89BD-4b04-88EB-625FBE52EBFB}</UniqueIdentifier>
      <Extensions>h;hh;hpp;hxx;h++;hm;inl;inc;ipp;xsd</Extensions>
    </Filter>
    <Filter Include="Engine">
      <UniqueIdentifier>{7962aa8c-1b4a-49b2-bbb2-ce36e344b130}</UniqueIdentifier>
    </Filter>
    <Filter Include="Engine\Window">
      <UniqueIdentifier>{33055a1a-410f-40a1-a6a0-b1b9f14b11f2}</UniqueIdentifier>
    </Filter>
    <Filter Include="Engine\Log">
      <UniqueIdentifier>{a74bf5d7-1426-40a0-9434-aee342cf7c3d}</UniqueIdentifier>
    </Filter>
    <Filter Include="Engine\ConfigReader">
      <UniqueIdentifier>{bc85c208-21ba-47a0-b602-e671c4d68762}</UniqueIdentifier>
    </Filter>
    <Filter Include="Engine\Graphics">
      <UniqueIdentifier>{39639892-3d9f-4975-b54a-05487615662f}</UniqueIdentifier>
    </Filter>
    <Filter Include="Engine\Resource">
      <UniqueIdentifier>{86ae4e8c-c061-4e66-b1a9-2f08fdb4f303}</UniqueIdentifier>
    </Filter>
    <Filter Include="Engine\Core">
      <UniqueIdentifier>{c651fa95-0437-495d-b3d0-76a7c4891dee}</UniqueIdentifier>
    </Filter>
    <Filter Include="Engine\Net">
      <UniqueIdentifier>{77ace87b-dcc5-41d1-aa0c-135bcf13d0d1}</UniqueIdentifier>
    </Filter>
    <Filter Include="Engine\Math">
      <UniqueIdentifier>{f23f8d86-d548-45df-828d-41324c5dba97}</UniqueIdentifier>
    </Filter>
    <Filter Include="Engine\Physics">
      <UniqueIdentifier>{9e23f2ff-fabe-4d36-9677-6bb45088153d}</UniqueIdentifier>
    </Filter>
    <Filter Include="Engine\GUI">
      <UniqueIdentifier>{1c4e8a74-6ea5-47f1-a3d8-440c282382a3}</UniqueIdentifier>
    </Filter>
    <Filter Include="Файлы ресурсов">
      <UniqueIdentifier>{67DA6AB6-F800-4c08-8B7A-83BB121AAD01}</UniqueIdentifier>
      <Extensions>rc;ico;cur;bmp;dlg;rc2;rct;bin;rgs;gif;jpg;jpeg;jpe;resx;tiff;tif;png;wav;mfcribbon-ms</Extensions>
    </Filter>
    <Filter Include="Engine\Net\Base">
      <UniqueIdentifier>{6fe4db0b-cf78-49d6-8f8c-d3e5205e34f6}</UniqueIdentifier>
    </Filter>
    <Filter Include="Engine\Net\Client">
      <UniqueIdentifier>{78464d8c-2258-4f55-8111-23528d171d28}</UniqueIdentifier>
    </Filter>
    <Filter Include="Engine\Net\Server">
      <UniqueIdentifier>{370b37c1-fc03-4f27-bc20-58de1981b115}</UniqueIdentifier>
    </Filter>
    <Filter Include="Engine\GUI\Base">
      <UniqueIdentifier>{54613dba-f653-4472-99b0-6eae1f706fde}</UniqueIdentifier>
    </Filter>
    <Filter Include="Engine\GUI\Button">
      <UniqueIdentifier>{4bae00d4-d8f0-40be-9e35-f720ef514e0b}</UniqueIdentifier>
    </Filter>
    <Filter Include="Engine\GUI\Label">
      <UniqueIdentifier>{e8c650fa-1143-45c4-8b67-ba1db561edaf}</UniqueIdentifier>
    </Filter>
    <Filter Include="Engine\GUI\Chat">
      <UniqueIdentifier>{0ed9a595-67ea-4b20-afbf-aacd1aae3b60}</UniqueIdentifier>
    </Filter>
    <Filter Include="Engine\GUI\Widget">
      <UniqueIdentifier>{f7cf37ac-efb2-4ba3-8066-ddf7760bd032}</UniqueIdentifier>
    </Filter>
    <Filter Include="Engine\GUI\Container">
      <UniqueIdentifier>{3ceaf27b-417f-45d2-a5ff-c00fb2d4787f}</UniqueIdentifier>
    </Filter>
    <Filter Include="Engine\GUI\Image">
      <UniqueIdentifier>{13acf616-0deb-4035-83c4-aafaf97bcf20}</UniqueIdentifier>
    </Filter>
    <Filter Include="Engine\Resource\Animations">
      <UniqueIdentifier>{f19a9b9c-bb94-4c60-b145-d6d65e4c4077}</UniqueIdentifier>
    </Filter>
    <Filter Include="Engine\Resource\Fonts">
      <UniqueIdentifier>{eed2c9f0-7639-42a5-882a-cebcae3564ee}</UniqueIdentifier>
    </Filter>
    <Filter Include="Engine\Resource\Shaders">
      <UniqueIdentifier>{9eba779c-ec76-4720-bd72-9e821a186086}</UniqueIdentifier>
    </Filter>
    <Filter Include="Engine\Resource\Textures">
      <UniqueIdentifier>{742f8abc-7ed9-4b30-a911-40d0ba5ff0e5}</UniqueIdentifier>
    </Filter>
    <Filter Include="Engine\Resource\Nodes">
      <UniqueIdentifier>{fcbc916e-7ced-44ef-b79d-1bbf8b6ea13d}</UniqueIdentifier>
    </Filter>
    <Filter Include="Engine\Nodes">
      <UniqueIdentifier>{d30f63d3-04e7-4023-843a-c6c7e1086f4a}</UniqueIdentifier>
    </Filter>
    <Filter Include="Engine\Resource\Scenes">
      <UniqueIdentifier>{8c02da0a-793e-4e49-a189-6a869d3e944b}</UniqueIdentifier>
    </Filter>
    <Filter Include="Engine\Nodes\2D">
      <UniqueIdentifier>{31e6076a-8db4-4f1a-b4e3-3d605466e689}</UniqueIdentifier>
    </Filter>
    <Filter Include="Engine\JText">
      <UniqueIdentifier>{006a42c4-b44a-4704-98ff-5257428643e3}</UniqueIdentifier>
    </Filter>
  </ItemGroup>
  <ItemGroup>
    <ClCompile Include="Window.cpp">
      <Filter>Engine\Window</Filter>
    </ClCompile>
    <ClCompile Include="Log.cpp">
      <Filter>Engine\Log</Filter>
    </ClCompile>
    <ClCompile Include="ConfigReader.cpp">
      <Filter>Engine\ConfigReader</Filter>
    </ClCompile>
    <ClCompile Include="EventHandler.cpp">
      <Filter>Engine\Window</Filter>
    </ClCompile>
    <ClCompile Include="Graphics.cpp">
      <Filter>Engine\Graphics</Filter>
    </ClCompile>
    <ClCompile Include="D:\libs\glad\src\glad.c">
      <Filter>Engine</Filter>
    </ClCompile>
    <ClCompile Include="Shader.cpp">
      <Filter>Engine\Graphics</Filter>
    </ClCompile>
    <ClCompile Include="Sprite.cpp">
      <Filter>Engine\Graphics</Filter>
    </ClCompile>
    <ClCompile Include="Node.cpp">
      <Filter>Engine\Nodes</Filter>
    </ClCompile>
    <ClCompile Include="Animation.cpp">
      <Filter>Engine\Graphics</Filter>
    </ClCompile>
    <ClCompile Include="Engine.cpp">
      <Filter>Engine\Core</Filter>
    </ClCompile>
    <ClCompile Include="Tile.cpp">
      <Filter>Engine\Graphics</Filter>
    </ClCompile>
    <ClCompile Include="TileMap.cpp">
      <Filter>Engine\Graphics</Filter>
    </ClCompile>
    <ClCompile Include="Camera.cpp">
      <Filter>Engine\Graphics</Filter>
    </ClCompile>
    <ClCompile Include="Perlin.cpp">
      <Filter>Engine\Math</Filter>
    </ClCompile>
    <ClCompile Include="main.cpp">
      <Filter>Исходные файлы</Filter>
    </ClCompile>
    <ClCompile Include="Net.cpp">
      <Filter>Engine\Net\Base</Filter>
    </ClCompile>
    <ClCompile Include="Client.cpp">
      <Filter>Engine\Net\Client</Filter>
    </ClCompile>
    <ClCompile Include="Server.cpp">
      <Filter>Engine\Net\Server</Filter>
    </ClCompile>
    <ClCompile Include="GUI.cpp">
      <Filter>Engine\GUI\Base</Filter>
    </ClCompile>
    <ClCompile Include="Button.cpp">
      <Filter>Engine\GUI\Button</Filter>
    </ClCompile>
    <ClCompile Include="Label.cpp">
      <Filter>Engine\GUI\Label</Filter>
    </ClCompile>
    <ClCompile Include="Chat.cpp">
      <Filter>Engine\GUI\Chat</Filter>
    </ClCompile>
    <ClCompile Include="Widget.cpp">
      <Filter>Engine\GUI\Widget</Filter>
    </ClCompile>
    <ClCompile Include="Contrainer.cpp">
      <Filter>Engine\GUI\Container</Filter>
    </ClCompile>
    <ClCompile Include="Image.cpp">
      <Filter>Engine\GUI\Image</Filter>
    </ClCompile>
    <ClCompile Include="GUIObject.cpp">
      <Filter>Engine\Nodes</Filter>
    </ClCompile>
    <ClCompile Include="ClientHelper.cpp">
      <Filter>Engine\Net\Client</Filter>
    </ClCompile>
    <ClCompile Include="ServerHelper.cpp">
      <Filter>Engine\Net\Server</Filter>
    </ClCompile>
    <ClCompile Include="Animations.cpp">
      <Filter>Engine\Resource\Animations</Filter>
    </ClCompile>
    <ClCompile Include="Fonts.cpp">
      <Filter>Engine\Resource\Fonts</Filter>
    </ClCompile>
    <ClCompile Include="Shaders.cpp">
      <Filter>Engine\Resource\Shaders</Filter>
    </ClCompile>
    <ClCompile Include="Textures.cpp">
      <Filter>Engine\Resource\Textures</Filter>
    </ClCompile>
    <ClCompile Include="Nodes.cpp">
      <Filter>Engine\Resource\Nodes</Filter>
    </ClCompile>
    <ClCompile Include="Scenes.cpp">
      <Filter>Engine\Resource\Scenes</Filter>
    </ClCompile>
    <ClCompile Include="JText.cpp">
      <Filter>Engine\JText</Filter>
    </ClCompile>
    <ClCompile Include="JTextHelper.cpp">
      <Filter>Engine\JText</Filter>
    </ClCompile>
    <ClCompile Include="Tokenizer.cpp">
      <Filter>Engine\JText</Filter>
    </ClCompile>
    <ClCompile Include="TokenizerHelper.cpp">
      <Filter>Engine\JText</Filter>
    </ClCompile>
    <ClCompile Include="Object.cpp">
      <Filter>Engine\JText</Filter>
    </ClCompile>
  </ItemGroup>
  <ItemGroup>
    <ClInclude Include="Window.h">
      <Filter>Engine\Window</Filter>
    </ClInclude>
    <ClInclude Include="Log.h">
      <Filter>Engine\Log</Filter>
    </ClInclude>
    <ClInclude Include="utils.h">
      <Filter>Engine</Filter>
    </ClInclude>
    <ClInclude Include="ConfigReader.h">
      <Filter>Engine\ConfigReader</Filter>
    </ClInclude>
    <ClInclude Include="EventHandler.h">
      <Filter>Engine\Window</Filter>
    </ClInclude>
    <ClInclude Include="Resource.h">
      <Filter>Engine\Resource</Filter>
    </ClInclude>
    <ClInclude Include="Graphics.h">
      <Filter>Engine\Graphics</Filter>
    </ClInclude>
    <ClInclude Include="Shader.h">
      <Filter>Engine\Graphics</Filter>
    </ClInclude>
    <ClInclude Include="Sprite.h">
      <Filter>Engine\Graphics</Filter>
    </ClInclude>
    <ClInclude Include="Engine.h">
      <Filter>Engine\Core</Filter>
    </ClInclude>
    <ClInclude Include="Node.h">
      <Filter>Engine\Nodes</Filter>
    </ClInclude>
    <ClInclude Include="Animation.h">
      <Filter>Engine\Graphics</Filter>
    </ClInclude>
    <ClInclude Include="Texture.h">
      <Filter>Engine\Graphics</Filter>
    </ClInclude>
    <ClInclude Include="Tile.h">
      <Filter>Engine\Graphics</Filter>
    </ClInclude>
    <ClInclude Include="TileMap.h">
      <Filter>Engine\Graphics</Filter>
    </ClInclude>
    <ClInclude Include="TileMapObject.h">
      <Filter>Engine\Nodes</Filter>
    </ClInclude>
    <ClInclude Include="Camera.h">
      <Filter>Engine\Graphics</Filter>
    </ClInclude>
    <ClInclude Include="Perlin.h">
      <Filter>Engine\Math</Filter>
    </ClInclude>
    <ClInclude Include="Animator.h">
      <Filter>Engine\Graphics</Filter>
    </ClInclude>
    <ClInclude Include="Physics.h">
      <Filter>Engine\Physics</Filter>
    </ClInclude>
    <ClInclude Include="Net.h">
      <Filter>Engine\Net\Base</Filter>
    </ClInclude>
    <ClInclude Include="Packet.h">
      <Filter>Engine\Net\Base</Filter>
    </ClInclude>
    <ClInclude Include="Client.h">
      <Filter>Engine\Net\Client</Filter>
    </ClInclude>
    <ClInclude Include="Server.h">
      <Filter>Engine\Net\Server</Filter>
    </ClInclude>
    <ClInclude Include="GUI.h">
      <Filter>Engine\GUI\Base</Filter>
    </ClInclude>
    <ClInclude Include="Button.h">
      <Filter>Engine\GUI\Button</Filter>
    </ClInclude>
    <ClInclude Include="Label.h">
      <Filter>Engine\GUI\Label</Filter>
    </ClInclude>
    <ClInclude Include="Chat.h">
      <Filter>Engine\GUI\Chat</Filter>
    </ClInclude>
    <ClInclude Include="Widget.h">
      <Filter>Engine\GUI\Widget</Filter>
    </ClInclude>
    <ClInclude Include="Container.h">
      <Filter>Engine\GUI\Container</Filter>
    </ClInclude>
    <ClInclude Include="Image.h">
      <Filter>Engine\GUI\Image</Filter>
    </ClInclude>
    <ClInclude Include="GUIObject.h">
      <Filter>Engine\Nodes</Filter>
    </ClInclude>
    <ClInclude Include="Animations.h">
      <Filter>Engine\Resource\Animations</Filter>
    </ClInclude>
    <ClInclude Include="Fonts.h">
      <Filter>Engine\Resource\Fonts</Filter>
    </ClInclude>
    <ClInclude Include="Shaders.h">
      <Filter>Engine\Resource\Shaders</Filter>
    </ClInclude>
    <ClInclude Include="Textures.h">
      <Filter>Engine\Resource\Textures</Filter>
    </ClInclude>
    <ClInclude Include="Nodes.h">
      <Filter>Engine\Resource\Nodes</Filter>
    </ClInclude>
    <ClInclude Include="Behavior.h">
      <Filter>Engine\Nodes</Filter>
    </ClInclude>
    <ClInclude Include="Scenes.h">
      <Filter>Engine\Resource\Scenes</Filter>
    </ClInclude>
    <ClInclude Include="Node2D.h">
      <Filter>Engine\Nodes\2D</Filter>
    </ClInclude>
    <ClInclude Include="JText.h">
      <Filter>Engine\JText</Filter>
    </ClInclude>
    <ClInclude Include="Token.h">
      <Filter>Engine\JText</Filter>
    </ClInclude>
    <ClInclude Include="Tokenizer.h">
      <Filter>Engine\JText</Filter>
    </ClInclude>
    <ClInclude Include="Object.h">
      <Filter>Engine\JText</Filter>
    </ClInclude>
  </ItemGroup>
  <ItemGroup>
    <Text Include="ToDo.txt">
      <Filter>Файлы ресурсов</Filter>
    </Text>
  </ItemGroup>
</Project>